
Microsoft Visual Studio Solution File, Format Version 12.00
# Visual Studio 15
VisualStudioVersion = 15.0.28307.106
MinimumVisualStudioVersion = 10.0.40219.1
Project("{FAE04EC0-301F-11D3-BF4B-00C04F79EFBC}") = "Calculator", "Calculator\Calculator.csproj", "{E91489C0-F904-48B8-B706-973F909DB795}"
EndProject
Global
	GlobalSection(SolutionConfigurationPlatforms) = preSolution
		Debug|Any CPU = Debug|Any CPU
		Release|Any CPU = Release|Any CPU
	EndGlobalSection
	GlobalSection(ProjectConfigurationPlatforms) = postSolution
		{E91489C0-F904-48B8-B706-973F909DB795}.Debug|Any CPU.ActiveCfg = Debug|Any CPU
		{E91489C0-F904-48B8-B706-973F909DB795}.Debug|Any CPU.Build.0 = Debug|Any CPU
		{E91489C0-F904-48B8-B706-973F909DB795}.Release|Any CPU.ActiveCfg = Release|Any CPU
		{E91489C0-F904-48B8-B706-973F909DB795}.Release|Any CPU.Build.0 = Release|Any CPU
	EndGlobalSection
	GlobalSection(SolutionProperties) = preSolution
		HideSolutionNode = FALSE
	EndGlobalSection
	GlobalSection(ExtensibilityGlobals) = postSolution
		SolutionGuid = {DD3B2D9F-76DD-46AC-BDCB-02A082EFE2FC}
	EndGlobalSection
EndGlobal
